
Microsoft Visual Studio Solution File, Format Version 12.00
# Visual Studio 15
VisualStudioVersion = 15.0.27130.0
MinimumVisualStudioVersion = 10.0.40219.1
Project("{FAE04EC0-301F-11D3-BF4B-00C04F79EFBC}") = "AzureBotTriviaGame", "AzureBotTriviaGame.csproj", "{59432637-8750-43E9-A847-AF13B6DC1417}"
EndProject
Global
	GlobalSection(SolutionConfigurationPlatforms) = preSolution
		Debug|Any CPU = Debug|Any CPU
		Release|Any CPU = Release|Any CPU
	EndGlobalSection
	GlobalSection(ProjectConfigurationPlatforms) = postSolution
		{59432637-8750-43E9-A847-AF13B6DC1417}.Debug|Any CPU.ActiveCfg = Debug|Any CPU
		{59432637-8750-43E9-A847-AF13B6DC1417}.Debug|Any CPU.Build.0 = Debug|Any CPU
		{59432637-8750-43E9-A847-AF13B6DC1417}.Release|Any CPU.ActiveCfg = Release|Any CPU
		{59432637-8750-43E9-A847-AF13B6DC1417}.Release|Any CPU.Build.0 = Release|Any CPU
	EndGlobalSection
	GlobalSection(SolutionProperties) = preSolution
		HideSolutionNode = FALSE
	EndGlobalSection
	GlobalSection(ExtensibilityGlobals) = postSolution
		SolutionGuid = {4F935893-1AA8-4E0F-874B-4493EDDF62E1}
	EndGlobalSection
EndGlobal
